// !$*UTF8*$!
{
	archiveVersion = 1;
	classes = {
	};
	objectVersion = 56;
	objects = {

/* Begin PBXBuildFile section */
		FA79B4FA292CC8B100B95A9B /* Fake_mentoorApp.swift in Sources */ = {isa = PBXBuildFile; fileRef = FA79B4F9292CC8B100B95A9B /* Fake_mentoorApp.swift */; };
		FA79B4FC292CC8B100B95A9B /* ContentView.swift in Sources */ = {isa = PBXBuildFile; fileRef = FA79B4FB292CC8B100B95A9B /* ContentView.swift */; };
		FA79B4FE292CC8B200B95A9B /* Assets.xcassets in Resources */ = {isa = PBXBuildFile; fileRef = FA79B4FD292CC8B200B95A9B /* Assets.xcassets */; };
		FA79B501292CC8B200B95A9B /* Preview Assets.xcassets in Resources */ = {isa = PBXBuildFile; fileRef = FA79B500292CC8B200B95A9B /* Preview Assets.xcassets */; };
		FA79B50A292CC9B500B95A9B /* Home.swift in Sources */ = {isa = PBXBuildFile; fileRef = FA79B509292CC9B500B95A9B /* Home.swift */; };
		FA79B50C292CCCE800B95A9B /* CustomDatePicker.swift in Sources */ = {isa = PBXBuildFile; fileRef = FA79B50B292CCCE800B95A9B /* CustomDatePicker.swift */; };
		FA79B50E292CDA7100B95A9B /* DateValue.swift in Sources */ = {isa = PBXBuildFile; fileRef = FA79B50D292CDA7100B95A9B /* DateValue.swift */; };
		FA79B510292D7A7E00B95A9B /* Task.swift in Sources */ = {isa = PBXBuildFile; fileRef = FA79B50F292D7A7E00B95A9B /* Task.swift */; };
		FA97DE7D292EBAB500BD7FCB /* ContentView.swift in Sources */ = {isa = PBXBuildFile; fileRef = FA97DE7C292EBAB500BD7FCB /* ContentView.swift */; };
/* End PBXBuildFile section */

/* Begin PBXFileReference section */
		FA79B4F6292CC8B100B95A9B /* Fake_mentoor.app */ = {isa = PBXFileReference; explicitFileType = wrapper.application; includeInIndex = 0; path = Fake_mentoor.app; sourceTree = BUILT_PRODUCTS_DIR; };
		FA79B4F9292CC8B100B95A9B /* Fake_mentoorApp.swift */ = {isa = PBXFileReference; lastKnownFileType = sourcecode.swift; path = Fake_mentoorApp.swift; sourceTree = "<group>"; };
		FA79B4FB292CC8B100B95A9B /* ContentView.swift */ = {isa = PBXFileReference; lastKnownFileType = sourcecode.swift; path = ContentView.swift; sourceTree = "<group>"; };
		FA79B4FD292CC8B200B95A9B /* Assets.xcassets */ = {isa = PBXFileReference; lastKnownFileType = folder.assetcatalog; path = Assets.xcassets; sourceTree = "<group>"; };
		FA79B500292CC8B200B95A9B /* Preview Assets.xcassets */ = {isa = PBXFileReference; lastKnownFileType = folder.assetcatalog; path = "Preview Assets.xcassets"; sourceTree = "<group>"; };
		FA79B509292CC9B500B95A9B /* Home.swift */ = {isa = PBXFileReference; lastKnownFileType = sourcecode.swift; path = Home.swift; sourceTree = "<group>"; };
		FA79B50B292CCCE800B95A9B /* CustomDatePicker.swift */ = {isa = PBXFileReference; lastKnownFileType = sourcecode.swift; path = CustomDatePicker.swift; sourceTree = "<group>"; };
		FA79B50D292CDA7100B95A9B /* DateValue.swift */ = {isa = PBXFileReference; lastKnownFileType = sourcecode.swift; path = DateValue.swift; sourceTree = "<group>"; };
		FA79B50F292D7A7E00B95A9B /* Task.swift */ = {isa = PBXFileReference; lastKnownFileType = sourcecode.swift; path = Task.swift; sourceTree = "<group>"; };
		FA97DE7C292EBAB500BD7FCB /* ContentView.swift */ = {isa = PBXFileReference; lastKnownFileType = sourcecode.swift; path = ContentView.swift; sourceTree = "<group>"; };
/* End PBXFileReference section */

/* Begin PBXFrameworksBuildPhase section */
		FA79B4F3292CC8B100B95A9B /* Frameworks */ = {
			isa = PBXFrameworksBuildPhase;
			buildActionMask = 2147483647;
			files = (
			);
			runOnlyForDeploymentPostprocessing = 0;
		};
/* End PBXFrameworksBuildPhase section */

/* Begin PBXGroup section */
		FA79B4ED292CC8B100B95A9B = {
			isa = PBXGroup;
			children = (
				FA79B4F8292CC8B100B95A9B /* Fake_mentoor */,
				FA79B4F7292CC8B100B95A9B /* Products */,
			);
			sourceTree = "<group>";
		};
		FA79B4F7292CC8B100B95A9B /* Products */ = {
			isa = PBXGroup;
			children = (
				FA79B4F6292CC8B100B95A9B /* Fake_mentoor.app */,
			);
			name = Products;
			sourceTree = "<group>";
		};
		FA79B4F8292CC8B100B95A9B /* Fake_mentoor */ = {
			isa = PBXGroup;
			children = (
				FA79B508292CC92D00B95A9B /* Model */,
				FA79B507292CC90600B95A9B /* View */,
				FA79B4F9292CC8B100B95A9B /* Fake_mentoorApp.swift */,
				FA79B4FB292CC8B100B95A9B /* ContentView.swift */,
				FA79B4FD292CC8B200B95A9B /* Assets.xcassets */,
				FA79B4FF292CC8B200B95A9B /* Preview Content */,
			);
			path = Fake_mentoor;
			sourceTree = "<group>";
		};
		FA79B4FF292CC8B200B95A9B /* Preview Content */ = {
			isa = PBXGroup;
			children = (
				FA79B500292CC8B200B95A9B /* Preview Assets.xcassets */,
			);
			path = "Preview Content";
			sourceTree = "<group>";
		};
		FA79B507292CC90600B95A9B /* View */ = {
			isa = PBXGroup;
			children = (
				FA79B509292CC9B500B95A9B /* Home.swift */,
				FA79B50B292CCCE800B95A9B /* CustomDatePicker.swift */,
				FA97DE7C292EBAB500BD7FCB /* ContentView.swift */,
			);
			path = View;
			sourceTree = "<group>";
		};
		FA79B508292CC92D00B95A9B /* Model */ = {
			isa = PBXGroup;
			children = (
				FA79B50D292CDA7100B95A9B /* DateValue.swift */,
				FA79B50F292D7A7E00B95A9B /* Task.swift */,
			);
			path = Model;
			sourceTree = "<group>";
		};
/* End PBXGroup section */

/* Begin PBXNativeTarget section */
		FA79B4F5292CC8B100B95A9B /* Fake_mentoor */ = {
			isa = PBXNativeTarget;
			buildConfigurationList = FA79B504292CC8B200B95A9B /* Build configuration list for PBXNativeTarget "Fake_mentoor" */;
			buildPhases = (
				FA79B4F2292CC8B100B95A9B /* Sources */,
				FA79B4F3292CC8B100B95A9B /* Frameworks */,
				FA79B4F4292CC8B100B95A9B /* Resources */,
			);
			buildRules = (
			);
			dependencies = (
			);
			name = Fake_mentoor;
			productName = Fake_mentoor;
			productReference = FA79B4F6292CC8B100B95A9B /* Fake_mentoor.app */;
			productType = "com.apple.product-type.application";
		};
/* End PBXNativeTarget section */

/* Begin PBXProject section */
		FA79B4EE292CC8B100B95A9B /* Project object */ = {
			isa = PBXProject;
			attributes = {
				BuildIndependentTargetsInParallel = 1;
				LastSwiftUpdateCheck = 1400;
				LastUpgradeCheck = 1400;
				TargetAttributes = {
					FA79B4F5292CC8B100B95A9B = {
						CreatedOnToolsVersion = 14.0;
					};
				};
			};
			buildConfigurationList = FA79B4F1292CC8B100B95A9B /* Build configuration list for PBXProject "Fake_mentoor" */;
			compatibilityVersion = "Xcode 14.0";
			developmentRegion = en;
			hasScannedForEncodings = 0;
			knownRegions = (
				en,
				Base,
			);
			mainGroup = FA79B4ED292CC8B100B95A9B;
			productRefGroup = FA79B4F7292CC8B100B95A9B /* Products */;
			projectDirPath = "";
			projectRoot = "";
			targets = (
				FA79B4F5292CC8B100B95A9B /* Fake_mentoor */,
			);
		};
/* End PBXProject section */

/* Begin PBXResourcesBuildPhase section */
		FA79B4F4292CC8B100B95A9B /* Resources */ = {
			isa = PBXResourcesBuildPhase;
			buildActionMask = 2147483647;
			files = (
				FA79B501292CC8B200B95A9B /* Preview Assets.xcassets in Resources */,
				FA79B4FE292CC8B200B95A9B /* Assets.xcassets in Resources */,
			);
			runOnlyForDeploymentPostprocessing = 0;
		};
/* End PBXResourcesBuildPhase section */

/* Begin PBXSourcesBuildPhase section */
		FA79B4F2292CC8B100B95A9B /* Sources */ = {
			isa = PBXSourcesBuildPhase;
			buildActionMask = 2147483647;
			files = (
				FA79B50C292CCCE800B95A9B /* CustomDatePicker.swift in Sources */,
				FA79B4FC292CC8B100B95A9B /* ContentView.swift in Sources */,
				FA97DE7D292EBAB500BD7FCB /* ContentView.swift in Sources */,
				FA79B50A292CC9B500B95A9B /* Home.swift in Sources */,
				FA79B4FA292CC8B100B95A9B /* Fake_mentoorApp.swift in Sources */,
				FA79B510292D7A7E00B95A9B /* Task.swift in Sources */,
				FA79B50E292CDA7100B95A9B /* DateValue.swift in Sources */,
			);
			runOnlyForDeploymentPostprocessing = 0;
		};
/* End PBXSourcesBuildPhase section */

/* Begin XCBuildConfiguration section */
		FA79B502292CC8B200B95A9B /* Debug */ = {
			isa = XCBuildConfiguration;
			buildSettings = {
				ALWAYS_SEARCH_USER_PATHS = NO;
				CLANG_ANALYZER_NONNULL = YES;
				CLANG_ANALYZER_NUMBER_OBJECT_CONVERSION = YES_AGGRESSIVE;
				CLANG_CXX_LANGUAGE_STANDARD = "gnu++20";
				CLANG_ENABLE_MODULES = YES;
				CLANG_ENABLE_OBJC_ARC = YES;
				CLANG_ENABLE_OBJC_WEAK = YES;
				CLANG_WARN_BLOCK_CAPTURE_AUTORELEASING = YES;
				CLANG_WARN_BOOL_CONVERSION = YES;
				CLANG_WARN_COMMA = YES;
				CLANG_WARN_CONSTANT_CONVERSION = YES;
				CLANG_WARN_DEPRECATED_OBJC_IMPLEMENTATIONS = YES;
				CLANG_WARN_DIRECT_OBJC_ISA_USAGE = YES_ERROR;
				CLANG_WARN_DOCUMENTATION_COMMENTS = YES;
				CLANG_WARN_EMPTY_BODY = YES;
				CLANG_WARN_ENUM_CONVERSION = YES;
				CLANG_WARN_INFINITE_RECURSION = YES;
				CLANG_WARN_INT_CONVERSION = YES;
				CLANG_WARN_NON_LITERAL_NULL_CONVERSION = YES;
				CLANG_WARN_OBJC_IMPLICIT_RETAIN_SELF = YES;
				CLANG_WARN_OBJC_LITERAL_CONVERSION = YES;
				CLANG_WARN_OBJC_ROOT_CLASS = YES_ERROR;
				CLANG_WARN_QUOTED_INCLUDE_IN_FRAMEWORK_HEADER = YES;
				CLANG_WARN_RANGE_LOOP_ANALYSIS = YES;
				CLANG_WARN_STRICT_PROTOTYPES = YES;
				CLANG_WARN_SUSPICIOUS_MOVE = YES;
				CLANG_WARN_UNGUARDED_AVAILABILITY = YES_AGGRESSIVE;
				CLANG_WARN_UNREACHABLE_CODE = YES;
				CLANG_WARN__DUPLICATE_METHOD_MATCH = YES;
				COPY_PHASE_STRIP = NO;
				DEBUG_INFORMATION_FORMAT = dwarf;
				ENABLE_STRICT_OBJC_MSGSEND = YES;
				ENABLE_TESTABILITY = YES;
				GCC_C_LANGUAGE_STANDARD = gnu11;
				GCC_DYNAMIC_NO_PIC = NO;
				GCC_NO_COMMON_BLOCKS = YES;
				GCC_OPTIMIZATION_LEVEL = 0;
				GCC_PREPROCESSOR_DEFINITIONS = (
					"DEBUG=1",
					"$(inherited)",
				);
				GCC_WARN_64_TO_32_BIT_CONVERSION = YES;
				GCC_WARN_ABOUT_RETURN_TYPE = YES_ERROR;
				GCC_WARN_UNDECLARED_SELECTOR = YES;
				GCC_WARN_UNINITIALIZED_AUTOS = YES_AGGRESSIVE;
				GCC_WARN_UNUSED_FUNCTION = YES;
				GCC_WARN_UNUSED_VARIABLE = YES;
				IPHONEOS_DEPLOYMENT_TARGET = 16.0;
				MTL_ENABLE_DEBUG_INFO = INCLUDE_SOURCE;
				MTL_FAST_MATH = YES;
				ONLY_ACTIVE_ARCH = YES;
				SDKROOT = iphoneos;
				SWIFT_ACTIVE_COMPILATION_CONDITIONS = DEBUG;
				SWIFT_OPTIMIZATION_LEVEL = "-Onone";
			};
			name = Debug;
		};
		FA79B503292CC8B200B95A9B /* Release */ = {
			isa = XCBuildConfiguration;
			buildSettings = {
				ALWAYS_SEARCH_USER_PATHS = NO;
				CLANG_ANALYZER_NONNULL = YES;
				CLANG_ANALYZER_NUMBER_OBJECT_CONVERSION = YES_AGGRESSIVE;
				CLANG_CXX_LANGUAGE_STANDARD = "gnu++20";
				CLANG_ENABLE_MODULES = YES;
				CLANG_ENABLE_OBJC_ARC = YES;
				CLANG_ENABLE_OBJC_WEAK = YES;
				CLANG_WARN_BLOCK_CAPTURE_AUTORELEASING = YES;
				CLANG_WARN_BOOL_CONVERSION = YES;
				CLANG_WARN_COMMA = YES;
				CLANG_WARN_CONSTANT_CONVERSION = YES;
				CLANG_WARN_DEPRECATED_OBJC_IMPLEMENTATIONS = YES;
				CLANG_WARN_DIRECT_OBJC_ISA_USAGE = YES_ERROR;
				CLANG_WARN_DOCUMENTATION_COMMENTS = YES;
				CLANG_WARN_EMPTY_BODY = YES;
				CLANG_WARN_ENUM_CONVERSION = YES;
				CLANG_WARN_INFINITE_RECURSION = YES;
				CLANG_WARN_INT_CONVERSION = YES;
				CLANG_WARN_NON_LITERAL_NULL_CONVERSION = YES;
				CLANG_WARN_OBJC_IMPLICIT_RETAIN_SELF = YES;
				CLANG_WARN_OBJC_LITERAL_CONVERSION = YES;
				CLANG_WARN_OBJC_ROOT_CLASS = YES_ERROR;
				CLANG_WARN_QUOTED_INCLUDE_IN_FRAMEWORK_HEADER = YES;
				CLANG_WARN_RANGE_LOOP_ANALYSIS = YES;
				CLANG_WARN_STRICT_PROTOTYPES = YES;
				CLANG_WARN_SUSPICIOUS_MOVE = YES;
				CLANG_WARN_UNGUARDED_AVAILABILITY = YES_AGGRESSIVE;
				CLANG_WARN_UNREACHABLE_CODE = YES;
				CLANG_WARN__DUPLICATE_METHOD_MATCH = YES;
				COPY_PHASE_STRIP = NO;
				DEBUG_INFORMATION_FORMAT = "dwarf-with-dsym";
				ENABLE_NS_ASSERTIONS = NO;
				ENABLE_STRICT_OBJC_MSGSEND = YES;
				GCC_C_LANGUAGE_STANDARD = gnu11;
				GCC_NO_COMMON_BLOCKS = YES;
				GCC_WARN_64_TO_32_BIT_CONVERSION = YES;
				GCC_WARN_ABOUT_RETURN_TYPE = YES_ERROR;
				GCC_WARN_UNDECLARED_SELECTOR = YES;
				GCC_WARN_UNINITIALIZED_AUTOS = YES_AGGRESSIVE;
				GCC_WARN_UNUSED_FUNCTION = YES;
				GCC_WARN_UNUSED_VARIABLE = YES;
				IPHONEOS_DEPLOYMENT_TARGET = 16.0;
				MTL_ENABLE_DEBUG_INFO = NO;
				MTL_FAST_MATH = YES;
				SDKROOT = iphoneos;
				SWIFT_COMPILATION_MODE = wholemodule;
				SWIFT_OPTIMIZATION_LEVEL = "-O";
				VALIDATE_PRODUCT = YES;
			};
			name = Release;
		};
		FA79B505292CC8B200B95A9B /* Debug */ = {
			isa = XCBuildConfiguration;
			buildSettings = {
				ASSETCATALOG_COMPILER_APPICON_NAME = AppIcon;
				ASSETCATALOG_COMPILER_GLOBAL_ACCENT_COLOR_NAME = AccentColor;
				CODE_SIGN_STYLE = Automatic;
				CURRENT_PROJECT_VERSION = 1;
				DEVELOPMENT_ASSET_PATHS = "\"Fake_mentoor/Preview Content\"";
				DEVELOPMENT_TEAM = KB6SVWQGQM;
				ENABLE_PREVIEWS = YES;
				GENERATE_INFOPLIST_FILE = YES;
				INFOPLIST_KEY_UIApplicationSceneManifest_Generation = YES;
				INFOPLIST_KEY_UIApplicationSupportsIndirectInputEvents = YES;
				INFOPLIST_KEY_UILaunchScreen_Generation = YES;
				INFOPLIST_KEY_UISupportedInterfaceOrientations_iPad = "UIInterfaceOrientationPortrait UIInterfaceOrientationPortraitUpsideDown UIInterfaceOrientationLandscapeLeft UIInterfaceOrientationLandscapeRight";
				INFOPLIST_KEY_UISupportedInterfaceOrientations_iPhone = "UIInterfaceOrientationPortrait UIInterfaceOrientationLandscapeLeft UIInterfaceOrientationLandscapeRight";
				LD_RUNPATH_SEARCH_PATHS = (
					"$(inherited)",
					"@executable_path/Frameworks",
				);
				MARKETING_VERSION = 1.0;
				PRODUCT_BUNDLE_IDENTIFIER = "NC1.Fake-mentoor";
				PRODUCT_NAME = "$(TARGET_NAME)";
				SWIFT_EMIT_LOC_STRINGS = YES;
				SWIFT_VERSION = 5.0;
				TARGETED_DEVICE_FAMILY = "1,2";
			};
			name = Debug;
		};
		FA79B506292CC8B200B95A9B /* Release */ = {
			isa = XCBuildConfiguration;
			buildSettings = {
				ASSETCATALOG_COMPILER_APPICON_NAME = AppIcon;
				ASSETCATALOG_COMPILER_GLOBAL_ACCENT_COLOR_NAME = AccentColor;
				CODE_SIGN_STYLE = Automatic;
				CURRENT_PROJECT_VERSION = 1;
				DEVELOPMENT_ASSET_PATHS = "\"Fake_mentoor/Preview Content\"";
				DEVELOPMENT_TEAM = KB6SVWQGQM;
				ENABLE_PREVIEWS = YES;
				GENERATE_INFOPLIST_FILE = YES;
				INFOPLIST_KEY_UIApplicationSceneManifest_Generation = YES;
				INFOPLIST_KEY_UIApplicationSupportsIndirectInputEvents = YES;
				INFOPLIST_KEY_UILaunchScreen_Generation = YES;
				INFOPLIST_KEY_UISupportedInterfaceOrientations_iPad = "UIInterfaceOrientationPortrait UIInterfaceOrientationPortraitUpsideDown UIInterfaceOrientationLandscapeLeft UIInterfaceOrientationLandscapeRight";
				INFOPLIST_KEY_UISupportedInterfaceOrientations_iPhone = "UIInterfaceOrientationPortrait UIInterfaceOrientationLandscapeLeft UIInterfaceOrientationLandscapeRight";
				LD_RUNPATH_SEARCH_PATHS = (
					"$(inherited)",
					"@executable_path/Frameworks",
				);
				MARKETING_VERSION = 1.0;
				PRODUCT_BUNDLE_IDENTIFIER = "NC1.Fake-mentoor";
				PRODUCT_NAME = "$(TARGET_NAME)";
				SWIFT_EMIT_LOC_STRINGS = YES;
				SWIFT_VERSION = 5.0;
				TARGETED_DEVICE_FAMILY = "1,2";
			};
			name = Release;
		};
/* End XCBuildConfiguration section */

/* Begin XCConfigurationList section */
		FA79B4F1292CC8B100B95A9B /* Build configuration list for PBXProject "Fake_mentoor" */ = {
			isa = XCConfigurationList;
			buildConfigurations = (
				FA79B502292CC8B200B95A9B /* Debug */,
				FA79B503292CC8B200B95A9B /* Release */,
			);
			defaultConfigurationIsVisible = 0;
			defaultConfigurationName = Release;
		};
		FA79B504292CC8B200B95A9B /* Build configuration list for PBXNativeTarget "Fake_mentoor" */ = {
			isa = XCConfigurationList;
			buildConfigurations = (
				FA79B505292CC8B200B95A9B /* Debug */,
				FA79B506292CC8B200B95A9B /* Release */,
			);
			defaultConfigurationIsVisible = 0;
			defaultConfigurationName = Release;
		};
/* End XCConfigurationList section */
	};
	rootObject = FA79B4EE292CC8B100B95A9B /* Project object */;
}
